
Microsoft Visual Studio Solution File, Format Version 12.00
# Visual Studio 15
VisualStudioVersion = 15.0.26124.0
MinimumVisualStudioVersion = 15.0.26124.0
Project("{2150E333-8FDC-42A3-9474-1A3956D46DE8}") = "src", "src", "{52FD9B1A-6406-43CA-90C5-1D15BA9A9995}"
EndProject
Project("{FAE04EC0-301F-11D3-BF4B-00C04F79EFBC}") = "GradeBook", "src\GradeBook\GradeBook.csproj", "{8A500424-510B-4B42-A0B3-4A75945BDB25}"
EndProject
Project("{2150E333-8FDC-42A3-9474-1A3956D46DE8}") = "test", "test", "{8269709A-191E-41A8-9435-AAE07A36A49C}"
EndProject
Project("{FAE04EC0-301F-11D3-BF4B-00C04F79EFBC}") = "GradeBook.Tests", "test\GradeBook.Tests\GradeBook.Tests.csproj", "{4443DC2A-9651-459B-AF67-F1F7B363B740}"
EndProject
Global
	GlobalSection(SolutionConfigurationPlatforms) = preSolution
		Debug|Any CPU = Debug|Any CPU
		Debug|x64 = Debug|x64
		Debug|x86 = Debug|x86
		Release|Any CPU = Release|Any CPU
		Release|x64 = Release|x64
		Release|x86 = Release|x86
	EndGlobalSection
	GlobalSection(SolutionProperties) = preSolution
		HideSolutionNode = FALSE
	EndGlobalSection
	GlobalSection(ProjectConfigurationPlatforms) = postSolution
		{8A500424-510B-4B42-A0B3-4A75945BDB25}.Debug|Any CPU.ActiveCfg = Debug|Any CPU
		{8A500424-510B-4B42-A0B3-4A75945BDB25}.Debug|Any CPU.Build.0 = Debug|Any CPU
		{8A500424-510B-4B42-A0B3-4A75945BDB25}.Debug|x64.ActiveCfg = Debug|Any CPU
		{8A500424-510B-4B42-A0B3-4A75945BDB25}.Debug|x64.Build.0 = Debug|Any CPU
		{8A500424-510B-4B42-A0B3-4A75945BDB25}.Debug|x86.ActiveCfg = Debug|Any CPU
		{8A500424-510B-4B42-A0B3-4A75945BDB25}.Debug|x86.Build.0 = Debug|Any CPU
		{8A500424-510B-4B42-A0B3-4A75945BDB25}.Release|Any CPU.ActiveCfg = Release|Any CPU
		{8A500424-510B-4B42-A0B3-4A75945BDB25}.Release|Any CPU.Build.0 = Release|Any CPU
		{8A500424-510B-4B42-A0B3-4A75945BDB25}.Release|x64.ActiveCfg = Release|Any CPU
		{8A500424-510B-4B42-A0B3-4A75945BDB25}.Release|x64.Build.0 = Release|Any CPU
		{8A500424-510B-4B42-A0B3-4A75945BDB25}.Release|x86.ActiveCfg = Release|Any CPU
		{8A500424-510B-4B42-A0B3-4A75945BDB25}.Release|x86.Build.0 = Release|Any CPU
		{4443DC2A-9651-459B-AF67-F1F7B363B740}.Debug|Any CPU.ActiveCfg = Debug|Any CPU
		{4443DC2A-9651-459B-AF67-F1F7B363B740}.Debug|Any CPU.Build.0 = Debug|Any CPU
		{4443DC2A-9651-459B-AF67-F1F7B363B740}.Debug|x64.ActiveCfg = Debug|Any CPU
		{4443DC2A-9651-459B-AF67-F1F7B363B740}.Debug|x64.Build.0 = Debug|Any CPU
		{4443DC2A-9651-459B-AF67-F1F7B363B740}.Debug|x86.ActiveCfg = Debug|Any CPU
		{4443DC2A-9651-459B-AF67-F1F7B363B740}.Debug|x86.Build.0 = Debug|Any CPU
		{4443DC2A-9651-459B-AF67-F1F7B363B740}.Release|Any CPU.ActiveCfg = Release|Any CPU
		{4443DC2A-9651-459B-AF67-F1F7B363B740}.Release|Any CPU.Build.0 = Release|Any CPU
		{4443DC2A-9651-459B-AF67-F1F7B363B740}.Release|x64.ActiveCfg = Release|Any CPU
		{4443DC2A-9651-459B-AF67-F1F7B363B740}.Release|x64.Build.0 = Release|Any CPU
		{4443DC2A-9651-459B-AF67-F1F7B363B740}.Release|x86.ActiveCfg = Release|Any CPU
		{4443DC2A-9651-459B-AF67-F1F7B363B740}.Release|x86.Build.0 = Release|Any CPU
	EndGlobalSection
	GlobalSection(NestedProjects) = preSolution
		{8A500424-510B-4B42-A0B3-4A75945BDB25} = {52FD9B1A-6406-43CA-90C5-1D15BA9A9995}
		{4443DC2A-9651-459B-AF67-F1F7B363B740} = {8269709A-191E-41A8-9435-AAE07A36A49C}
	EndGlobalSection
EndGlobal
